{
  "name": "console3",
  "version": "1.0.4",
  "lockfileVersion": 1,
  "requires": true,
  "dependencies": {
    "cify": {
      "version": "2.1.11",
      "resolved": "http://registry.npm.taobao.org/cify/download/cify-2.1.11.tgz",
      "requires": {
        "ntils": "2.1.2"
      },
      "dependencies": {
        "ntils": {
          "version": "2.1.2",
          "resolved": "http://registry.npm.taobao.org/ntils/download/ntils-2.1.2.tgz"
        }
      }
    },
    "cli-spinners": {
      "version": "1.0.0",
      "resolved": "http://registry.npm.taobao.org/cli-spinners/download/cli-spinners-1.0.0.tgz"
    }
  }
}
